// !$*UTF8*$!
{
	archiveVersion = 1;
	classes = {
	};
	objectVersion = 50;
	objects = {

/* Begin PBXBuildFile section */
		091B8E0524BC9000000CB2D2 /* BMIProfile.swift in Sources */ = {isa = PBXBuildFile; fileRef = 091B8E0424BC9000000CB2D2 /* BMIProfile.swift */; };
		0956928124BEE6B50069A055 /* CoreDataManager.swift in Sources */ = {isa = PBXBuildFile; fileRef = 0956928024BEE6B50069A055 /* CoreDataManager.swift */; };
		09D456DB24B849630047210A /* AppDelegate.swift in Sources */ = {isa = PBXBuildFile; fileRef = 09D456DA24B849630047210A /* AppDelegate.swift */; };
		09D456DD24B849630047210A /* SceneDelegate.swift in Sources */ = {isa = PBXBuildFile; fileRef = 09D456DC24B849630047210A /* SceneDelegate.swift */; };
		09D456E024B849630047210A /* BMIVisualiser.xcdatamodeld in Sources */ = {isa = PBXBuildFile; fileRef = 09D456DE24B849630047210A /* BMIVisualiser.xcdatamodeld */; };
		09D456E224B849630047210A /* ProfileListView.swift in Sources */ = {isa = PBXBuildFile; fileRef = 09D456E124B849630047210A /* ProfileListView.swift */; };
		09D456E424B849630047210A /* Assets.xcassets in Resources */ = {isa = PBXBuildFile; fileRef = 09D456E324B849630047210A /* Assets.xcassets */; };
		09D456E724B849630047210A /* Preview Assets.xcassets in Resources */ = {isa = PBXBuildFile; fileRef = 09D456E624B849630047210A /* Preview Assets.xcassets */; };
		09D456EA24B849630047210A /* LaunchScreen.storyboard in Resources */ = {isa = PBXBuildFile; fileRef = 09D456E824B849630047210A /* LaunchScreen.storyboard */; };
		09D456F524B849630047210A /* BMIVisualiserTests.swift in Sources */ = {isa = PBXBuildFile; fileRef = 09D456F424B849630047210A /* BMIVisualiserTests.swift */; };
		09D4570024B849630047210A /* BMIVisualiserUITests.swift in Sources */ = {isa = PBXBuildFile; fileRef = 09D456FF24B849630047210A /* BMIVisualiserUITests.swift */; };
		09D4570E24B858170047210A /* ProfileRowView.swift in Sources */ = {isa = PBXBuildFile; fileRef = 09D4570D24B858170047210A /* ProfileRowView.swift */; };
		09D4571124B85DCD0047210A /* ProfileHeaderView.swift in Sources */ = {isa = PBXBuildFile; fileRef = 09D4571024B85DCD0047210A /* ProfileHeaderView.swift */; };
		09D4571324B86EAD0047210A /* CreateProfileView.swift in Sources */ = {isa = PBXBuildFile; fileRef = 09D4571224B86EAD0047210A /* CreateProfileView.swift */; };
/* End PBXBuildFile section */

/* Begin PBXContainerItemProxy section */
		09D456F124B849630047210A /* PBXContainerItemProxy */ = {
			isa = PBXContainerItemProxy;
			containerPortal = 09D456CF24B849620047210A /* Project object */;
			proxyType = 1;
			remoteGlobalIDString = 09D456D624B849630047210A;
			remoteInfo = BMIVisualiser;
		};
		09D456FC24B849630047210A /* PBXContainerItemProxy */ = {
			isa = PBXContainerItemProxy;
			containerPortal = 09D456CF24B849620047210A /* Project object */;
			proxyType = 1;
			remoteGlobalIDString = 09D456D624B849630047210A;
			remoteInfo = BMIVisualiser;
		};
/* End PBXContainerItemProxy section */

/* Begin PBXFileReference section */
		091B8E0424BC9000000CB2D2 /* BMIProfile.swift */ = {isa = PBXFileReference; lastKnownFileType = sourcecode.swift; path = BMIProfile.swift; sourceTree = "<group>"; };
		0956928024BEE6B50069A055 /* CoreDataManager.swift */ = {isa = PBXFileReference; lastKnownFileType = sourcecode.swift; path = CoreDataManager.swift; sourceTree = "<group>"; };
		09D456D724B849630047210A /* BMIVisualiser.app */ = {isa = PBXFileReference; explicitFileType = wrapper.application; includeInIndex = 0; path = BMIVisualiser.app; sourceTree = BUILT_PRODUCTS_DIR; };
		09D456DA24B849630047210A /* AppDelegate.swift */ = {isa = PBXFileReference; lastKnownFileType = sourcecode.swift; path = AppDelegate.swift; sourceTree = "<group>"; };
		09D456DC24B849630047210A /* SceneDelegate.swift */ = {isa = PBXFileReference; lastKnownFileType = sourcecode.swift; path = SceneDelegate.swift; sourceTree = "<group>"; };
		09D456DF24B849630047210A /* BMIVisualiser.xcdatamodel */ = {isa = PBXFileReference; lastKnownFileType = wrapper.xcdatamodel; path = BMIVisualiser.xcdatamodel; sourceTree = "<group>"; };
		09D456E124B849630047210A /* ProfileListView.swift */ = {isa = PBXFileReference; lastKnownFileType = sourcecode.swift; path = ProfileListView.swift; sourceTree = "<group>"; };
		09D456E324B849630047210A /* Assets.xcassets */ = {isa = PBXFileReference; lastKnownFileType = folder.assetcatalog; path = Assets.xcassets; sourceTree = "<group>"; };
		09D456E624B849630047210A /* Preview Assets.xcassets */ = {isa = PBXFileReference; lastKnownFileType = folder.assetcatalog; path = "Preview Assets.xcassets"; sourceTree = "<group>"; };
		09D456E924B849630047210A /* Base */ = {isa = PBXFileReference; lastKnownFileType = file.storyboard; name = Base; path = Base.lproj/LaunchScreen.storyboard; sourceTree = "<group>"; };
		09D456EB24B849630047210A /* Info.plist */ = {isa = PBXFileReference; lastKnownFileType = text.plist.xml; path = Info.plist; sourceTree = "<group>"; };
		09D456F024B849630047210A /* BMIVisualiserTests.xctest */ = {isa = PBXFileReference; explicitFileType = wrapper.cfbundle; includeInIndex = 0; path = BMIVisualiserTests.xctest; sourceTree = BUILT_PRODUCTS_DIR; };
		09D456F424B849630047210A /* BMIVisualiserTests.swift */ = {isa = PBXFileReference; lastKnownFileType = sourcecode.swift; path = BMIVisualiserTests.swift; sourceTree = "<group>"; };
		09D456F624B849630047210A /* Info.plist */ = {isa = PBXFileReference; lastKnownFileType = text.plist.xml; path = Info.plist; sourceTree = "<group>"; };
		09D456FB24B849630047210A /* BMIVisualiserUITests.xctest */ = {isa = PBXFileReference; explicitFileType = wrapper.cfbundle; includeInIndex = 0; path = BMIVisualiserUITests.xctest; sourceTree = BUILT_PRODUCTS_DIR; };
		09D456FF24B849630047210A /* BMIVisualiserUITests.swift */ = {isa = PBXFileReference; lastKnownFileType = sourcecode.swift; path = BMIVisualiserUITests.swift; sourceTree = "<group>"; };
		09D4570124B849630047210A /* Info.plist */ = {isa = PBXFileReference; lastKnownFileType = text.plist.xml; path = Info.plist; sourceTree = "<group>"; };
		09D4570D24B858170047210A /* ProfileRowView.swift */ = {isa = PBXFileReference; lastKnownFileType = sourcecode.swift; path = ProfileRowView.swift; sourceTree = "<group>"; };
		09D4571024B85DCD0047210A /* ProfileHeaderView.swift */ = {isa = PBXFileReference; lastKnownFileType = sourcecode.swift; path = ProfileHeaderView.swift; sourceTree = "<group>"; };
		09D4571224B86EAD0047210A /* CreateProfileView.swift */ = {isa = PBXFileReference; lastKnownFileType = sourcecode.swift; path = CreateProfileView.swift; sourceTree = "<group>"; };
/* End PBXFileReference section */

/* Begin PBXFrameworksBuildPhase section */
		09D456D424B849630047210A /* Frameworks */ = {
			isa = PBXFrameworksBuildPhase;
			buildActionMask = 2147483647;
			files = (
			);
			runOnlyForDeploymentPostprocessing = 0;
		};
		09D456ED24B849630047210A /* Frameworks */ = {
			isa = PBXFrameworksBuildPhase;
			buildActionMask = 2147483647;
			files = (
			);
			runOnlyForDeploymentPostprocessing = 0;
		};
		09D456F824B849630047210A /* Frameworks */ = {
			isa = PBXFrameworksBuildPhase;
			buildActionMask = 2147483647;
			files = (
			);
			runOnlyForDeploymentPostprocessing = 0;
		};
/* End PBXFrameworksBuildPhase section */

/* Begin PBXGroup section */
		091B8E0324BC8FC9000CB2D2 /* Model */ = {
			isa = PBXGroup;
			children = (
				091B8E0424BC9000000CB2D2 /* BMIProfile.swift */,
			);
			path = Model;
			sourceTree = "<group>";
		};
		09D456CE24B849620047210A = {
			isa = PBXGroup;
			children = (
				09D456D924B849630047210A /* BMIVisualiser */,
				09D456F324B849630047210A /* BMIVisualiserTests */,
				09D456FE24B849630047210A /* BMIVisualiserUITests */,
				09D456D824B849630047210A /* Products */,
			);
			sourceTree = "<group>";
		};
		09D456D824B849630047210A /* Products */ = {
			isa = PBXGroup;
			children = (
				09D456D724B849630047210A /* BMIVisualiser.app */,
				09D456F024B849630047210A /* BMIVisualiserTests.xctest */,
				09D456FB24B849630047210A /* BMIVisualiserUITests.xctest */,
			);
			name = Products;
			sourceTree = "<group>";
		};
		09D456D924B849630047210A /* BMIVisualiser */ = {
			isa = PBXGroup;
			children = (
				091B8E0324BC8FC9000CB2D2 /* Model */,
				09D4570F24B85CDE0047210A /* View */,
				09D456DA24B849630047210A /* AppDelegate.swift */,
				09D456DC24B849630047210A /* SceneDelegate.swift */,
				0956928024BEE6B50069A055 /* CoreDataManager.swift */,
				09D456E324B849630047210A /* Assets.xcassets */,
				09D456E824B849630047210A /* LaunchScreen.storyboard */,
				09D456EB24B849630047210A /* Info.plist */,
				09D456DE24B849630047210A /* BMIVisualiser.xcdatamodeld */,
				09D456E524B849630047210A /* Preview Content */,
			);
			path = BMIVisualiser;
			sourceTree = "<group>";
		};
		09D456E524B849630047210A /* Preview Content */ = {
			isa = PBXGroup;
			children = (
				09D456E624B849630047210A /* Preview Assets.xcassets */,
			);
			path = "Preview Content";
			sourceTree = "<group>";
		};
		09D456F324B849630047210A /* BMIVisualiserTests */ = {
			isa = PBXGroup;
			children = (
				09D456F424B849630047210A /* BMIVisualiserTests.swift */,
				09D456F624B849630047210A /* Info.plist */,
			);
			path = BMIVisualiserTests;
			sourceTree = "<group>";
		};
		09D456FE24B849630047210A /* BMIVisualiserUITests */ = {
			isa = PBXGroup;
			children = (
				09D456FF24B849630047210A /* BMIVisualiserUITests.swift */,
				09D4570124B849630047210A /* Info.plist */,
			);
			path = BMIVisualiserUITests;
			sourceTree = "<group>";
		};
		09D4570F24B85CDE0047210A /* View */ = {
			isa = PBXGroup;
			children = (
				09D456E124B849630047210A /* ProfileListView.swift */,
				09D4570D24B858170047210A /* ProfileRowView.swift */,
				09D4571024B85DCD0047210A /* ProfileHeaderView.swift */,
				09D4571224B86EAD0047210A /* CreateProfileView.swift */,
			);
			path = View;
			sourceTree = "<group>";
		};
/* End PBXGroup section */

/* Begin PBXNativeTarget section */
		09D456D624B849630047210A /* BMIVisualiser */ = {
			isa = PBXNativeTarget;
			buildConfigurationList = 09D4570424B849630047210A /* Build configuration list for PBXNativeTarget "BMIVisualiser" */;
			buildPhases = (
				09D456D324B849630047210A /* Sources */,
				09D456D424B849630047210A /* Frameworks */,
				09D456D524B849630047210A /* Resources */,
			);
			buildRules = (
			);
			dependencies = (
			);
			name = BMIVisualiser;
			productName = BMIVisualiser;
			productReference = 09D456D724B849630047210A /* BMIVisualiser.app */;
			productType = "com.apple.product-type.application";
		};
		09D456EF24B849630047210A /* BMIVisualiserTests */ = {
			isa = PBXNativeTarget;
			buildConfigurationList = 09D4570724B849630047210A /* Build configuration list for PBXNativeTarget "BMIVisualiserTests" */;
			buildPhases = (
				09D456EC24B849630047210A /* Sources */,
				09D456ED24B849630047210A /* Frameworks */,
				09D456EE24B849630047210A /* Resources */,
			);
			buildRules = (
			);
			dependencies = (
				09D456F224B849630047210A /* PBXTargetDependency */,
			);
			name = BMIVisualiserTests;
			productName = BMIVisualiserTests;
			productReference = 09D456F024B849630047210A /* BMIVisualiserTests.xctest */;
			productType = "com.apple.product-type.bundle.unit-test";
		};
		09D456FA24B849630047210A /* BMIVisualiserUITests */ = {
			isa = PBXNativeTarget;
			buildConfigurationList = 09D4570A24B849630047210A /* Build configuration list for PBXNativeTarget "BMIVisualiserUITests" */;
			buildPhases = (
				09D456F724B849630047210A /* Sources */,
				09D456F824B849630047210A /* Frameworks */,
				09D456F924B849630047210A /* Resources */,
			);
			buildRules = (
			);
			dependencies = (
				09D456FD24B849630047210A /* PBXTargetDependency */,
			);
			name = BMIVisualiserUITests;
			productName = BMIVisualiserUITests;
			productReference = 09D456FB24B849630047210A /* BMIVisualiserUITests.xctest */;
			productType = "com.apple.product-type.bundle.ui-testing";
		};
/* End PBXNativeTarget section */

/* Begin PBXProject section */
		09D456CF24B849620047210A /* Project object */ = {
			isa = PBXProject;
			attributes = {
				LastSwiftUpdateCheck = 1140;
				LastUpgradeCheck = 1140;
				ORGANIZATIONNAME = "Manasi Kulkarni";
				TargetAttributes = {
					09D456D624B849630047210A = {
						CreatedOnToolsVersion = 11.4;
					};
					09D456EF24B849630047210A = {
						CreatedOnToolsVersion = 11.4;
						TestTargetID = 09D456D624B849630047210A;
					};
					09D456FA24B849630047210A = {
						CreatedOnToolsVersion = 11.4;
						TestTargetID = 09D456D624B849630047210A;
					};
				};
			};
			buildConfigurationList = 09D456D224B849620047210A /* Build configuration list for PBXProject "BMIVisualiser" */;
			compatibilityVersion = "Xcode 9.3";
			developmentRegion = en;
			hasScannedForEncodings = 0;
			knownRegions = (
				en,
				Base,
			);
			mainGroup = 09D456CE24B849620047210A;
			productRefGroup = 09D456D824B849630047210A /* Products */;
			projectDirPath = "";
			projectRoot = "";
			targets = (
				09D456D624B849630047210A /* BMIVisualiser */,
				09D456EF24B849630047210A /* BMIVisualiserTests */,
				09D456FA24B849630047210A /* BMIVisualiserUITests */,
			);
		};
/* End PBXProject section */

/* Begin PBXResourcesBuildPhase section */
		09D456D524B849630047210A /* Resources */ = {
			isa = PBXResourcesBuildPhase;
			buildActionMask = 2147483647;
			files = (
				09D456EA24B849630047210A /* LaunchScreen.storyboard in Resources */,
				09D456E724B849630047210A /* Preview Assets.xcassets in Resources */,
				09D456E424B849630047210A /* Assets.xcassets in Resources */,
			);
			runOnlyForDeploymentPostprocessing = 0;
		};
		09D456EE24B849630047210A /* Resources */ = {
			isa = PBXResourcesBuildPhase;
			buildActionMask = 2147483647;
			files = (
			);
			runOnlyForDeploymentPostprocessing = 0;
		};
		09D456F924B849630047210A /* Resources */ = {
			isa = PBXResourcesBuildPhase;
			buildActionMask = 2147483647;
			files = (
			);
			runOnlyForDeploymentPostprocessing = 0;
		};
/* End PBXResourcesBuildPhase section */

/* Begin PBXSourcesBuildPhase section */
		09D456D324B849630047210A /* Sources */ = {
			isa = PBXSourcesBuildPhase;
			buildActionMask = 2147483647;
			files = (
				09D4571324B86EAD0047210A /* CreateProfileView.swift in Sources */,
				09D4570E24B858170047210A /* ProfileRowView.swift in Sources */,
				09D4571124B85DCD0047210A /* ProfileHeaderView.swift in Sources */,
				09D456DB24B849630047210A /* AppDelegate.swift in Sources */,
				091B8E0524BC9000000CB2D2 /* BMIProfile.swift in Sources */,
				09D456DD24B849630047210A /* SceneDelegate.swift in Sources */,
				0956928124BEE6B50069A055 /* CoreDataManager.swift in Sources */,
				09D456E224B849630047210A /* ProfileListView.swift in Sources */,
				09D456E024B849630047210A /* BMIVisualiser.xcdatamodeld in Sources */,
			);
			runOnlyForDeploymentPostprocessing = 0;
		};
		09D456EC24B849630047210A /* Sources */ = {
			isa = PBXSourcesBuildPhase;
			buildActionMask = 2147483647;
			files = (
				09D456F524B849630047210A /* BMIVisualiserTests.swift in Sources */,
			);
			runOnlyForDeploymentPostprocessing = 0;
		};
		09D456F724B849630047210A /* Sources */ = {
			isa = PBXSourcesBuildPhase;
			buildActionMask = 2147483647;
			files = (
				09D4570024B849630047210A /* BMIVisualiserUITests.swift in Sources */,
			);
			runOnlyForDeploymentPostprocessing = 0;
		};
/* End PBXSourcesBuildPhase section */

/* Begin PBXTargetDependency section */
		09D456F224B849630047210A /* PBXTargetDependency */ = {
			isa = PBXTargetDependency;
			target = 09D456D624B849630047210A /* BMIVisualiser */;
			targetProxy = 09D456F124B849630047210A /* PBXContainerItemProxy */;
		};
		09D456FD24B849630047210A /* PBXTargetDependency */ = {
			isa = PBXTargetDependency;
			target = 09D456D624B849630047210A /* BMIVisualiser */;
			targetProxy = 09D456FC24B849630047210A /* PBXContainerItemProxy */;
		};
/* End PBXTargetDependency section */

/* Begin PBXVariantGroup section */
		09D456E824B849630047210A /* LaunchScreen.storyboard */ = {
			isa = PBXVariantGroup;
			children = (
				09D456E924B849630047210A /* Base */,
			);
			name = LaunchScreen.storyboard;
			sourceTree = "<group>";
		};
/* End PBXVariantGroup section */

/* Begin XCBuildConfiguration section */
		09D4570224B849630047210A /* Debug */ = {
			isa = XCBuildConfiguration;
			buildSettings = {
				ALWAYS_SEARCH_USER_PATHS = NO;
				CLANG_ANALYZER_NONNULL = YES;
				CLANG_ANALYZER_NUMBER_OBJECT_CONVERSION = YES_AGGRESSIVE;
				CLANG_CXX_LANGUAGE_STANDARD = "gnu++14";
				CLANG_CXX_LIBRARY = "libc++";
				CLANG_ENABLE_MODULES = YES;
				CLANG_ENABLE_OBJC_ARC = YES;
				CLANG_ENABLE_OBJC_WEAK = YES;
				CLANG_WARN_BLOCK_CAPTURE_AUTORELEASING = YES;
				CLANG_WARN_BOOL_CONVERSION = YES;
				CLANG_WARN_COMMA = YES;
				CLANG_WARN_CONSTANT_CONVERSION = YES;
				CLANG_WARN_DEPRECATED_OBJC_IMPLEMENTATIONS = YES;
				CLANG_WARN_DIRECT_OBJC_ISA_USAGE = YES_ERROR;
				CLANG_WARN_DOCUMENTATION_COMMENTS = YES;
				CLANG_WARN_EMPTY_BODY = YES;
				CLANG_WARN_ENUM_CONVERSION = YES;
				CLANG_WARN_INFINITE_RECURSION = YES;
				CLANG_WARN_INT_CONVERSION = YES;
				CLANG_WARN_NON_LITERAL_NULL_CONVERSION = YES;
				CLANG_WARN_OBJC_IMPLICIT_RETAIN_SELF = YES;
				CLANG_WARN_OBJC_LITERAL_CONVERSION = YES;
				CLANG_WARN_OBJC_ROOT_CLASS = YES_ERROR;
				CLANG_WARN_RANGE_LOOP_ANALYSIS = YES;
				CLANG_WARN_STRICT_PROTOTYPES = YES;
				CLANG_WARN_SUSPICIOUS_MOVE = YES;
				CLANG_WARN_UNGUARDED_AVAILABILITY = YES_AGGRESSIVE;
				CLANG_WARN_UNREACHABLE_CODE = YES;
				CLANG_WARN__DUPLICATE_METHOD_MATCH = YES;
				COPY_PHASE_STRIP = NO;
				DEBUG_INFORMATION_FORMAT = dwarf;
				ENABLE_STRICT_OBJC_MSGSEND = YES;
				ENABLE_TESTABILITY = YES;
				GCC_C_LANGUAGE_STANDARD = gnu11;
				GCC_DYNAMIC_NO_PIC = NO;
				GCC_NO_COMMON_BLOCKS = YES;
				GCC_OPTIMIZATION_LEVEL = 0;
				GCC_PREPROCESSOR_DEFINITIONS = (
					"DEBUG=1",
					"$(inherited)",
				);
				GCC_WARN_64_TO_32_BIT_CONVERSION = YES;
				GCC_WARN_ABOUT_RETURN_TYPE = YES_ERROR;
				GCC_WARN_UNDECLARED_SELECTOR = YES;
				GCC_WARN_UNINITIALIZED_AUTOS = YES_AGGRESSIVE;
				GCC_WARN_UNUSED_FUNCTION = YES;
				GCC_WARN_UNUSED_VARIABLE = YES;
				IPHONEOS_DEPLOYMENT_TARGET = 13.4;
				MTL_ENABLE_DEBUG_INFO = INCLUDE_SOURCE;
				MTL_FAST_MATH = YES;
				ONLY_ACTIVE_ARCH = YES;
				SDKROOT = iphoneos;
				SWIFT_ACTIVE_COMPILATION_CONDITIONS = DEBUG;
				SWIFT_OPTIMIZATION_LEVEL = "-Onone";
			};
			name = Debug;
		};
		09D4570324B849630047210A /* Release */ = {
			isa = XCBuildConfiguration;
			buildSettings = {
				ALWAYS_SEARCH_USER_PATHS = NO;
				CLANG_ANALYZER_NONNULL = YES;
				CLANG_ANALYZER_NUMBER_OBJECT_CONVERSION = YES_AGGRESSIVE;
				CLANG_CXX_LANGUAGE_STANDARD = "gnu++14";
				CLANG_CXX_LIBRARY = "libc++";
				CLANG_ENABLE_MODULES = YES;
				CLANG_ENABLE_OBJC_ARC = YES;
				CLANG_ENABLE_OBJC_WEAK = YES;
				CLANG_WARN_BLOCK_CAPTURE_AUTORELEASING = YES;
				CLANG_WARN_BOOL_CONVERSION = YES;
				CLANG_WARN_COMMA = YES;
				CLANG_WARN_CONSTANT_CONVERSION = YES;
				CLANG_WARN_DEPRECATED_OBJC_IMPLEMENTATIONS = YES;
				CLANG_WARN_DIRECT_OBJC_ISA_USAGE = YES_ERROR;
				CLANG_WARN_DOCUMENTATION_COMMENTS = YES;
				CLANG_WARN_EMPTY_BODY = YES;
				CLANG_WARN_ENUM_CONVERSION = YES;
				CLANG_WARN_INFINITE_RECURSION = YES;
				CLANG_WARN_INT_CONVERSION = YES;
				CLANG_WARN_NON_LITERAL_NULL_CONVERSION = YES;
				CLANG_WARN_OBJC_IMPLICIT_RETAIN_SELF = YES;
				CLANG_WARN_OBJC_LITERAL_CONVERSION = YES;
				CLANG_WARN_OBJC_ROOT_CLASS = YES_ERROR;
				CLANG_WARN_RANGE_LOOP_ANALYSIS = YES;
				CLANG_WARN_STRICT_PROTOTYPES = YES;
				CLANG_WARN_SUSPICIOUS_MOVE = YES;
				CLANG_WARN_UNGUARDED_AVAILABILITY = YES_AGGRESSIVE;
				CLANG_WARN_UNREACHABLE_CODE = YES;
				CLANG_WARN__DUPLICATE_METHOD_MATCH = YES;
				COPY_PHASE_STRIP = NO;
				DEBUG_INFORMATION_FORMAT = "dwarf-with-dsym";
				ENABLE_NS_ASSERTIONS = NO;
				ENABLE_STRICT_OBJC_MSGSEND = YES;
				GCC_C_LANGUAGE_STANDARD = gnu11;
				GCC_NO_COMMON_BLOCKS = YES;
				GCC_WARN_64_TO_32_BIT_CONVERSION = YES;
				GCC_WARN_ABOUT_RETURN_TYPE = YES_ERROR;
				GCC_WARN_UNDECLARED_SELECTOR = YES;
				GCC_WARN_UNINITIALIZED_AUTOS = YES_AGGRESSIVE;
				GCC_WARN_UNUSED_FUNCTION = YES;
				GCC_WARN_UNUSED_VARIABLE = YES;
				IPHONEOS_DEPLOYMENT_TARGET = 13.4;
				MTL_ENABLE_DEBUG_INFO = NO;
				MTL_FAST_MATH = YES;
				SDKROOT = iphoneos;
				SWIFT_COMPILATION_MODE = wholemodule;
				SWIFT_OPTIMIZATION_LEVEL = "-O";
				VALIDATE_PRODUCT = YES;
			};
			name = Release;
		};
		09D4570524B849630047210A /* Debug */ = {
			isa = XCBuildConfiguration;
			buildSettings = {
				ASSETCATALOG_COMPILER_APPICON_NAME = AppIcon;
				CODE_SIGN_STYLE = Automatic;
				DEVELOPMENT_ASSET_PATHS = "\"BMIVisualiser/Preview Content\"";
				ENABLE_PREVIEWS = YES;
				INFOPLIST_FILE = BMIVisualiser/Info.plist;
				LD_RUNPATH_SEARCH_PATHS = (
					"$(inherited)",
					"@executable_path/Frameworks",
				);
				PRODUCT_BUNDLE_IDENTIFIER = manasi.BMIVisualiser;
				PRODUCT_NAME = "$(TARGET_NAME)";
				SWIFT_VERSION = 5.0;
				TARGETED_DEVICE_FAMILY = "1,2";
			};
			name = Debug;
		};
		09D4570624B849630047210A /* Release */ = {
			isa = XCBuildConfiguration;
			buildSettings = {
				ASSETCATALOG_COMPILER_APPICON_NAME = AppIcon;
				CODE_SIGN_STYLE = Automatic;
				DEVELOPMENT_ASSET_PATHS = "\"BMIVisualiser/Preview Content\"";
				ENABLE_PREVIEWS = YES;
				INFOPLIST_FILE = BMIVisualiser/Info.plist;
				LD_RUNPATH_SEARCH_PATHS = (
					"$(inherited)",
					"@executable_path/Frameworks",
				);
				PRODUCT_BUNDLE_IDENTIFIER = manasi.BMIVisualiser;
				PRODUCT_NAME = "$(TARGET_NAME)";
				SWIFT_VERSION = 5.0;
				TARGETED_DEVICE_FAMILY = "1,2";
			};
			name = Release;
		};
		09D4570824B849630047210A /* Debug */ = {
			isa = XCBuildConfiguration;
			buildSettings = {
				ALWAYS_EMBED_SWIFT_STANDARD_LIBRARIES = YES;
				BUNDLE_LOADER = "$(TEST_HOST)";
				CODE_SIGN_STYLE = Automatic;
				INFOPLIST_FILE = BMIVisualiserTests/Info.plist;
				IPHONEOS_DEPLOYMENT_TARGET = 13.4;
				LD_RUNPATH_SEARCH_PATHS = (
					"$(inherited)",
					"@executable_path/Frameworks",
					"@loader_path/Frameworks",
				);
				PRODUCT_BUNDLE_IDENTIFIER = manasi.BMIVisualiserTests;
				PRODUCT_NAME = "$(TARGET_NAME)";
				SWIFT_VERSION = 5.0;
				TARGETED_DEVICE_FAMILY = "1,2";
				TEST_HOST = "$(BUILT_PRODUCTS_DIR)/BMIVisualiser.app/BMIVisualiser";
			};
			name = Debug;
		};
		09D4570924B849630047210A /* Release */ = {
			isa = XCBuildConfiguration;
			buildSettings = {
				ALWAYS_EMBED_SWIFT_STANDARD_LIBRARIES = YES;
				BUNDLE_LOADER = "$(TEST_HOST)";
				CODE_SIGN_STYLE = Automatic;
				INFOPLIST_FILE = BMIVisualiserTests/Info.plist;
				IPHONEOS_DEPLOYMENT_TARGET = 13.4;
				LD_RUNPATH_SEARCH_PATHS = (
					"$(inherited)",
					"@executable_path/Frameworks",
					"@loader_path/Frameworks",
				);
				PRODUCT_BUNDLE_IDENTIFIER = manasi.BMIVisualiserTests;
				PRODUCT_NAME = "$(TARGET_NAME)";
				SWIFT_VERSION = 5.0;
				TARGETED_DEVICE_FAMILY = "1,2";
				TEST_HOST = "$(BUILT_PRODUCTS_DIR)/BMIVisualiser.app/BMIVisualiser";
			};
			name = Release;
		};
		09D4570B24B849630047210A /* Debug */ = {
			isa = XCBuildConfiguration;
			buildSettings = {
				ALWAYS_EMBED_SWIFT_STANDARD_LIBRARIES = YES;
				CODE_SIGN_STYLE = Automatic;
				INFOPLIST_FILE = BMIVisualiserUITests/Info.plist;
				LD_RUNPATH_SEARCH_PATHS = (
					"$(inherited)",
					"@executable_path/Frameworks",
					"@loader_path/Frameworks",
				);
				PRODUCT_BUNDLE_IDENTIFIER = manasi.BMIVisualiserUITests;
				PRODUCT_NAME = "$(TARGET_NAME)";
				SWIFT_VERSION = 5.0;
				TARGETED_DEVICE_FAMILY = "1,2";
				TEST_TARGET_NAME = BMIVisualiser;
			};
			name = Debug;
		};
		09D4570C24B849630047210A /* Release */ = {
			isa = XCBuildConfiguration;
			buildSettings = {
				ALWAYS_EMBED_SWIFT_STANDARD_LIBRARIES = YES;
				CODE_SIGN_STYLE = Automatic;
				INFOPLIST_FILE = BMIVisualiserUITests/Info.plist;
				LD_RUNPATH_SEARCH_PATHS = (
					"$(inherited)",
					"@executable_path/Frameworks",
					"@loader_path/Frameworks",
				);
				PRODUCT_BUNDLE_IDENTIFIER = manasi.BMIVisualiserUITests;
				PRODUCT_NAME = "$(TARGET_NAME)";
				SWIFT_VERSION = 5.0;
				TARGETED_DEVICE_FAMILY = "1,2";
				TEST_TARGET_NAME = BMIVisualiser;
			};
			name = Release;
		};
/* End XCBuildConfiguration section */

/* Begin XCConfigurationList section */
		09D456D224B849620047210A /* Build configuration list for PBXProject "BMIVisualiser" */ = {
			isa = XCConfigurationList;
			buildConfigurations = (
				09D4570224B849630047210A /* Debug */,
				09D4570324B849630047210A /* Release */,
			);
			defaultConfigurationIsVisible = 0;
			defaultConfigurationName = Release;
		};
		09D4570424B849630047210A /* Build configuration list for PBXNativeTarget "BMIVisualiser" */ = {
			isa = XCConfigurationList;
			buildConfigurations = (
				09D4570524B849630047210A /* Debug */,
				09D4570624B849630047210A /* Release */,
			);
			defaultConfigurationIsVisible = 0;
			defaultConfigurationName = Release;
		};
		09D4570724B849630047210A /* Build configuration list for PBXNativeTarget "BMIVisualiserTests" */ = {
			isa = XCConfigurationList;
			buildConfigurations = (
				09D4570824B849630047210A /* Debug */,
				09D4570924B849630047210A /* Release */,
			);
			defaultConfigurationIsVisible = 0;
			defaultConfigurationName = Release;
		};
		09D4570A24B849630047210A /* Build configuration list for PBXNativeTarget "BMIVisualiserUITests" */ = {
			isa = XCConfigurationList;
			buildConfigurations = (
				09D4570B24B849630047210A /* Debug */,
				09D4570C24B849630047210A /* Release */,
			);
			defaultConfigurationIsVisible = 0;
			defaultConfigurationName = Release;
		};
/* End XCConfigurationList section */

/* Begin XCVersionGroup section */
		09D456DE24B849630047210A /* BMIVisualiser.xcdatamodeld */ = {
			isa = XCVersionGroup;
			children = (
				09D456DF24B849630047210A /* BMIVisualiser.xcdatamodel */,
			);
			currentVersion = 09D456DF24B849630047210A /* BMIVisualiser.xcdatamodel */;
			path = BMIVisualiser.xcdatamodeld;
			sourceTree = "<group>";
			versionGroupType = wrapper.xcdatamodel;
		};
/* End XCVersionGroup section */
	};
	rootObject = 09D456CF24B849620047210A /* Project object */;
}
